
Microsoft Visual Studio Solution File, Format Version 12.00
# Visual Studio Version 16
VisualStudioVersion = 16.0.29806.167
MinimumVisualStudioVersion = 10.0.40219.1
Project("{9A19103F-16F7-4668-BE54-9A1E7A4F7556}") = "ChuckJokes", "ChuckJokes\ChuckJokes.csproj", "{EBE5130F-ACC5-4377-9C20-09B54CFAD655}"
EndProject
Project("{2150E333-8FDC-42A3-9474-1A3956D46DE8}") = "Solution Items", "Solution Items", "{8DE70D8D-7957-416B-83CB-D28CA3E3FA52}"
	ProjectSection(SolutionItems) = preProject
		.editorconfig = .editorconfig
	EndProjectSection
EndProject
Global
	GlobalSection(SolutionConfigurationPlatforms) = preSolution
		Debug|Any CPU = Debug|Any CPU
		Release|Any CPU = Release|Any CPU
	EndGlobalSection
	GlobalSection(ProjectConfigurationPlatforms) = postSolution
		{EBE5130F-ACC5-4377-9C20-09B54CFAD655}.Debug|Any CPU.ActiveCfg = Debug|Any CPU
		{EBE5130F-ACC5-4377-9C20-09B54CFAD655}.Debug|Any CPU.Build.0 = Debug|Any CPU
		{EBE5130F-ACC5-4377-9C20-09B54CFAD655}.Release|Any CPU.ActiveCfg = Release|Any CPU
		{EBE5130F-ACC5-4377-9C20-09B54CFAD655}.Release|Any CPU.Build.0 = Release|Any CPU
	EndGlobalSection
	GlobalSection(SolutionProperties) = preSolution
		HideSolutionNode = FALSE
	EndGlobalSection
	GlobalSection(ExtensibilityGlobals) = postSolution
		SolutionGuid = {1983B389-FE2A-441C-934E-BB2767A45A39}
	EndGlobalSection
EndGlobal
